
Microsoft Visual Studio Solution File, Format Version 12.00
# Visual Studio Version 17
VisualStudioVersion = 17.5.33530.505
MinimumVisualStudioVersion = 10.0.40219.1
Project("{FAE04EC0-301F-11D3-BF4B-00C04F79EFBC}") = "ArcosLab01", "ArcosLab01\ArcosLab01.csproj", "{69967A94-35F9-40A7-888E-BA639DA826BF}"
EndProject
Global
	GlobalSection(SolutionConfigurationPlatforms) = preSolution
		Debug|Any CPU = Debug|Any CPU
		Release|Any CPU = Release|Any CPU
	EndGlobalSection
	GlobalSection(ProjectConfigurationPlatforms) = postSolution
		{69967A94-35F9-40A7-888E-BA639DA826BF}.Debug|Any CPU.ActiveCfg = Debug|Any CPU
		{69967A94-35F9-40A7-888E-BA639DA826BF}.Debug|Any CPU.Build.0 = Debug|Any CPU
		{69967A94-35F9-40A7-888E-BA639DA826BF}.Release|Any CPU.ActiveCfg = Release|Any CPU
		{69967A94-35F9-40A7-888E-BA639DA826BF}.Release|Any CPU.Build.0 = Release|Any CPU
	EndGlobalSection
	GlobalSection(SolutionProperties) = preSolution
		HideSolutionNode = FALSE
	EndGlobalSection
	GlobalSection(ExtensibilityGlobals) = postSolution
		SolutionGuid = {6A291E38-970F-4947-A2D5-6664E7B098DC}
	EndGlobalSection
EndGlobal
